
Microsoft Visual Studio Solution File, Format Version 12.00
# Visual Studio Version 16
VisualStudioVersion = 16.0.29709.97
MinimumVisualStudioVersion = 10.0.40219.1
Project("{FAE04EC0-301F-11D3-BF4B-00C04F79EFBC}") = "QuestionnaireApp.WebApi", "QuestionnaireApp.WebApi\QuestionnaireApp.WebApi.csproj", "{C6BE5351-8BB6-43E0-BC41-C666426341A9}"
EndProject
Project("{FAE04EC0-301F-11D3-BF4B-00C04F79EFBC}") = "QuestionnaireApp.Domain", "QuestionnaireApp.Domain\QuestionnaireApp.Domain.csproj", "{FA233AC6-DFE1-4535-801E-AB5049BD30B9}"
EndProject
Project("{FAE04EC0-301F-11D3-BF4B-00C04F79EFBC}") = "QuestionnaireApp.CommandQuery", "QuestionnaireApp.CommandQuery\QuestionnaireApp.CommandQuery.csproj", "{AA50C520-D4C4-481E-9174-E9214262753D}"
EndProject
Project("{FAE04EC0-301F-11D3-BF4B-00C04F79EFBC}") = "QuestionnaireApp.Tests", "QuestionnaireApp.Tests\QuestionnaireApp.Tests.csproj", "{49C6C1E2-04AB-4E39-A1A0-3D62004CDDB2}"
EndProject
Project("{FAE04EC0-301F-11D3-BF4B-00C04F79EFBC}") = "QuestionnaireApp.Orm", "QuestionnaireApp.Orm\QuestionnaireApp.Orm.csproj", "{646D9338-AB90-48DE-9CB4-2D87BD7B3A07}"
EndProject
Global
	GlobalSection(SolutionConfigurationPlatforms) = preSolution
		Debug|Any CPU = Debug|Any CPU
		Release|Any CPU = Release|Any CPU
	EndGlobalSection
	GlobalSection(ProjectConfigurationPlatforms) = postSolution
		{C6BE5351-8BB6-43E0-BC41-C666426341A9}.Debug|Any CPU.ActiveCfg = Debug|Any CPU
		{C6BE5351-8BB6-43E0-BC41-C666426341A9}.Debug|Any CPU.Build.0 = Debug|Any CPU
		{C6BE5351-8BB6-43E0-BC41-C666426341A9}.Release|Any CPU.ActiveCfg = Release|Any CPU
		{C6BE5351-8BB6-43E0-BC41-C666426341A9}.Release|Any CPU.Build.0 = Release|Any CPU
		{FA233AC6-DFE1-4535-801E-AB5049BD30B9}.Debug|Any CPU.ActiveCfg = Debug|Any CPU
		{FA233AC6-DFE1-4535-801E-AB5049BD30B9}.Debug|Any CPU.Build.0 = Debug|Any CPU
		{FA233AC6-DFE1-4535-801E-AB5049BD30B9}.Release|Any CPU.ActiveCfg = Release|Any CPU
		{FA233AC6-DFE1-4535-801E-AB5049BD30B9}.Release|Any CPU.Build.0 = Release|Any CPU
		{AA50C520-D4C4-481E-9174-E9214262753D}.Debug|Any CPU.ActiveCfg = Debug|Any CPU
		{AA50C520-D4C4-481E-9174-E9214262753D}.Debug|Any CPU.Build.0 = Debug|Any CPU
		{AA50C520-D4C4-481E-9174-E9214262753D}.Release|Any CPU.ActiveCfg = Release|Any CPU
		{AA50C520-D4C4-481E-9174-E9214262753D}.Release|Any CPU.Build.0 = Release|Any CPU
		{49C6C1E2-04AB-4E39-A1A0-3D62004CDDB2}.Debug|Any CPU.ActiveCfg = Debug|Any CPU
		{49C6C1E2-04AB-4E39-A1A0-3D62004CDDB2}.Debug|Any CPU.Build.0 = Debug|Any CPU
		{49C6C1E2-04AB-4E39-A1A0-3D62004CDDB2}.Release|Any CPU.ActiveCfg = Release|Any CPU
		{49C6C1E2-04AB-4E39-A1A0-3D62004CDDB2}.Release|Any CPU.Build.0 = Release|Any CPU
		{646D9338-AB90-48DE-9CB4-2D87BD7B3A07}.Debug|Any CPU.ActiveCfg = Debug|Any CPU
		{646D9338-AB90-48DE-9CB4-2D87BD7B3A07}.Debug|Any CPU.Build.0 = Debug|Any CPU
		{646D9338-AB90-48DE-9CB4-2D87BD7B3A07}.Release|Any CPU.ActiveCfg = Release|Any CPU
		{646D9338-AB90-48DE-9CB4-2D87BD7B3A07}.Release|Any CPU.Build.0 = Release|Any CPU
	EndGlobalSection
	GlobalSection(SolutionProperties) = preSolution
		HideSolutionNode = FALSE
	EndGlobalSection
	GlobalSection(ExtensibilityGlobals) = postSolution
		SolutionGuid = {8E730AEF-20AB-40C3-BD89-9A8A7C3B6023}
	EndGlobalSection
EndGlobal
